Microsoft Visual Studio Solution File, Format Version 12.00
# Visual Studio Version 16
VisualStudioVersion = 16.0.30114.105
MinimumVisualStudioVersion = 10.0.40219.1
Project("{2150E333-8FDC-42A3-9474-1A3956D46DE8}") = "services", "services", "{9A277A93-3A5C-4E7E-A360-7ED4DD0E9DE1}"
EndProject
Project("{2150E333-8FDC-42A3-9474-1A3956D46DE8}") = "Catalogs", "Catalogs", "{7EAF0B75-8327-4D45-92F8-8BE36BD0D147}"
EndProject
Project("{2150E333-8FDC-42A3-9474-1A3956D46DE8}") = "Identity", "Identity", "{98F379CC-6634-4FB3-86E2-7079D1EA8F4C}"
EndProject
Project("{2150E333-8FDC-42A3-9474-1A3956D46DE8}") = "Customers", "Customers", "{6CE91630-AA3E-4A7F-AA5D-6C3490C1D58E}"
EndProject
Project("{2150E333-8FDC-42A3-9474-1A3956D46DE8}") = "Orders", "Orders", "{0EB7B65E-E6DA-4B97-B1C2-EFE514BA7656}"
EndProject
Project("{2150E333-8FDC-42A3-9474-1A3956D46DE8}") = "_clients", "_clients", "{4A09493C-0999-474F-AC85-71398BCD69F9}"
	ProjectSection(SolutionItems) = preProject
		_httpclients\http-client.env.json = _httpclients\http-client.env.json
	EndProjectSection
EndProject
Project("{2150E333-8FDC-42A3-9474-1A3956D46DE8}") = "Identity", "Identity", "{B3B8C461-226D-4EFA-905E-E1BDC4CAA678}"
	ProjectSection(SolutionItems) = preProject
		_httpclients\identity\identity.rest = _httpclients\identity\identity.rest
	EndProjectSection
EndProject
Project("{2150E333-8FDC-42A3-9474-1A3956D46DE8}") = "catalog", "catalog", "{99CDE343-6150-4E78-B395-FAD076E9603D}"
	ProjectSection(SolutionItems) = preProject
		_httpclients\catalogs\catalogs.rest = _httpclients\catalogs\catalogs.rest
	EndProjectSection
EndProject
Project("{2150E333-8FDC-42A3-9474-1A3956D46DE8}") = "customers", "customers", "{538D1306-49AF-43C0-8D06-72437B44BB65}"
	ProjectSection(SolutionItems) = preProject
		_httpclients\customers\customers.rest = _httpclients\customers\customers.rest
	EndProjectSection
EndProject
Project("{2150E333-8FDC-42A3-9474-1A3956D46DE8}") = "rabbitmq", "rabbitmq", "{3E4781A4-44AD-4298-B627-50C8F8BC478A}"
	ProjectSection(SolutionItems) = preProject
		_httpclients\rabbitmq\rabbitmq.rest = _httpclients\rabbitmq\rabbitmq.rest
	EndProjectSection
EndProject
Project("{2150E333-8FDC-42A3-9474-1A3956D46DE8}") = "src", "src", "{6AC5D76E-2A65-4EC9-AA72-A6BEDF50D0B5}"
EndProject
Project("{2150E333-8FDC-42A3-9474-1A3956D46DE8}") = "tests", "tests", "{DE347392-CF8B-4DE6-AC18-E0C74674B40C}"
EndProject
Project("{2150E333-8FDC-42A3-9474-1A3956D46DE8}") = "services", "services", "{A4BF5D18-D56C-4751-98A8-6F9B8315B9C0}"
EndProject
Project("{2150E333-8FDC-42A3-9474-1A3956D46DE8}") = "building-blocks", "building-blocks", "{FB247B5A-5299-4FFE-BE54-B7E1472D4A2E}"
EndProject
Project("{FAE04EC0-301F-11D3-BF4B-00C04F79EFBC}") = "BuildingBlocks.Abstractions", "src\BuildingBlocks\BuildingBlocks.Abstractions\BuildingBlocks.Abstractions.csproj", "{9063E326-1CDF-4CA7-8D72-CA15AB532EEC}"
EndProject
Project("{FAE04EC0-301F-11D3-BF4B-00C04F79EFBC}") = "BuildingBlocks.Caching.InMemory", "src\BuildingBlocks\BuildingBlocks.Caching.InMemory\BuildingBlocks.Caching.InMemory.csproj", "{9316AB5F-F445-4202-9FDC-3BE3BDA479FD}"
EndProject
Project("{FAE04EC0-301F-11D3-BF4B-00C04F79EFBC}") = "BuildingBlocks.Email", "src\BuildingBlocks\BuildingBlocks.Email\BuildingBlocks.Email.csproj", "{143581A0-AA78-4FC4-91E2-8C2DA47E05DC}"
EndProject
Project("{FAE04EC0-301F-11D3-BF4B-00C04F79EFBC}") = "BuildingBlocks.Monitoring", "src\BuildingBlocks\BuildingBlocks.Monitoring\BuildingBlocks.Monitoring.csproj", "{47109643-B865-4293-BAA1-4B9E122BA76C}"
EndProject
Project("{FAE04EC0-301F-11D3-BF4B-00C04F79EFBC}") = "BuildingBlocks.Persistence.Mongo", "src\BuildingBlocks\BuildingBlocks.Persistence.Mongo\BuildingBlocks.Persistence.Mongo.csproj", "{383D3BF6-CEB4-4098-B57C-5EE2372FAE73}"
EndProject
Project("{FAE04EC0-301F-11D3-BF4B-00C04F79EFBC}") = "BuildingBlocks.Resiliency", "src\BuildingBlocks\BuildingBlocks.Resiliency\BuildingBlocks.Resiliency.csproj", "{7D916D69-F137-4B58-BDEB-06046BF7DF64}"
EndProject
Project("{FAE04EC0-301F-11D3-BF4B-00C04F79EFBC}") = "BuildingBlocks.Security", "src\BuildingBlocks\BuildingBlocks.Security\BuildingBlocks.Security.csproj", "{E729743D-8ABA-4917-A040-E5007ED41687}"
EndProject
Project("{FAE04EC0-301F-11D3-BF4B-00C04F79EFBC}") = "BuildingBlocks.Swagger", "src\BuildingBlocks\BuildingBlocks.Swagger\BuildingBlocks.Swagger.csproj", "{B1C134E5-E0D9-47A7-835E-EE7DE61FF2DB}"
EndProject
Project("{FAE04EC0-301F-11D3-BF4B-00C04F79EFBC}") = "BuildingBlocks.Validation", "src\BuildingBlocks\BuildingBlocks.Validation\BuildingBlocks.Validation.csproj", "{58B03C3F-F27E-4C59-81EF-CC8E90722CDF}"
EndProject
Project("{FAE04EC0-301F-11D3-BF4B-00C04F79EFBC}") = "BuildingBlocks.Web", "src\BuildingBlocks\BuildingBlocks.Web\BuildingBlocks.Web.csproj", "{AD2E1F39-B6BB-4EBF-A996-6C89BFBEFBEB}"
EndProject
Project("{FAE04EC0-301F-11D3-BF4B-00C04F79EFBC}") = "BuildingBlocks.Persistence.EfCore.Postgres", "src\BuildingBlocks\BuildingBlocks.Persistence.EfCore.Postgres\BuildingBlocks.Persistence.EfCore.Postgres.csproj", "{EA2CFA83-AE64-4F52-8CC1-F970ACE46AB2}"
EndProject
Project("{FAE04EC0-301F-11D3-BF4B-00C04F79EFBC}") = "BuildingBlocks.Logging", "src\BuildingBlocks\BuildingBlocks.Logging\BuildingBlocks.Logging.csproj", "{F5993A4C-8750-402F-BDC1-44C2AF425CFD}"
EndProject
Project("{FAE04EC0-301F-11D3-BF4B-00C04F79EFBC}") = "BuildingBlocks.Integration.MassTransit", "src\BuildingBlocks\BuildingBlocks.Integration.MassTransit\BuildingBlocks.Integration.MassTransit.csproj", "{C9838503-0AD9-42B2-9A54-D8235A93C209}"
EndProject
Project("{2150E333-8FDC-42A3-9474-1A3956D46DE8}") = "Shared", "Shared", "{615DD03D-7AB3-4429-BE66-B111CAFB3A78}"
EndProject
Project("{2150E333-8FDC-42A3-9474-1A3956D46DE8}") = "shared", "shared", "{140648AB-B3E2-4F9F-BAB3-963F03065285}"
EndProject
Project("{FAE04EC0-301F-11D3-BF4B-00C04F79EFBC}") = "Tests.Shared", "tests\shared\Tests.Shared\Tests.Shared.csproj", "{F6A9AA81-3A0E-477C-B35F-A2D5079E7EA9}"
EndProject
Project("{2150E333-8FDC-42A3-9474-1A3956D46DE8}") = "Identity", "Identity", "{81288788-A347-41B0-8FA3-74B0D17414B2}"
EndProject
Project("{FAE04EC0-301F-11D3-BF4B-00C04F79EFBC}") = "ECommerce.Services.Catalogs", "src\Services\Catalogs\ECommerce.Services.Catalogs\ECommerce.Services.Catalogs.csproj", "{AB2206BF-7F17-46F3-83E1-19D22EA357F1}"
EndProject
Project("{FAE04EC0-301F-11D3-BF4B-00C04F79EFBC}") = "ECommerce.Services.Catalogs.Api", "src\Services\Catalogs\ECommerce.Services.Catalogs.Api\ECommerce.Services.Catalogs.Api.csproj", "{45BC8D17-77F1-44A4-92FF-0CE831E8B8FE}"
EndProject
Project("{FAE04EC0-301F-11D3-BF4B-00C04F79EFBC}") = "ECommerce.Services.Customers", "src\Services\Customers\ECommerce.Services.Customers\ECommerce.Services.Customers.csproj", "{636C8EF5-277D-4D32-AB97-4BDCB66391BC}"
EndProject
Project("{FAE04EC0-301F-11D3-BF4B-00C04F79EFBC}") = "ECommerce.Services.Customers.Api", "src\Services\Customers\ECommerce.Services.Customers.Api\ECommerce.Services.Customers.Api.csproj", "{95DCC2B2-754F-4538-8C41-2065D53B000B}"
EndProject
Project("{FAE04EC0-301F-11D3-BF4B-00C04F79EFBC}") = "ECommerce.Services.Shared", "src\Services\Shared\ECommerce.Services.Shared\ECommerce.Services.Shared.csproj", "{7A8E1F2E-88F9-4FF6-8BFA-75CBB96BF7ED}"
EndProject
Project("{FAE04EC0-301F-11D3-BF4B-00C04F79EFBC}") = "ECommerce.Services.Identity", "src\Services\Identity\ECommerce.Services.Identity\ECommerce.Services.Identity.csproj", "{22208F0C-3F11-45AE-A4D7-23163B385E7C}"
EndProject
Project("{FAE04EC0-301F-11D3-BF4B-00C04F79EFBC}") = "ECommerce.Services.Identity.Api", "src\Services\Identity\ECommerce.Services.Identity.Api\ECommerce.Services.Identity.Api.csproj", "{6634D4E3-AD98-44E0-8DFD-F9DF646DF7A3}"
EndProject
Project("{FAE04EC0-301F-11D3-BF4B-00C04F79EFBC}") = "ECommerce.Services.Orders", "src\Services\Orders\ECommerce.Services.Orders\ECommerce.Services.Orders.csproj", "{EEF440F6-E11C-4A17-AFCF-B6D83DFA0BDC}"
EndProject
Project("{FAE04EC0-301F-11D3-BF4B-00C04F79EFBC}") = "ECommerce.Services.Orders.Api", "src\Services\Orders\ECommerce.Services.Orders.Api\ECommerce.Services.Orders.Api.csproj", "{585C8CF5-8CD7-496F-B83E-86A220949591}"
EndProject
Project("{2150E333-8FDC-42A3-9474-1A3956D46DE8}") = "api-gateway", "api-gateway", "{B9EFF5EA-4AD3-477D-8932-A9D114EEA824}"
EndProject
Project("{FAE04EC0-301F-11D3-BF4B-00C04F79EFBC}") = "ECommerce.Services.Identity.EndToEndTests", "tests\services\Identity\ECommerce.Services.Identity.EndToEndTests\ECommerce.Services.Identity.EndToEndTests.csproj", "{31ECE7F8-1DA9-46CA-A103-2CD9B0B940DB}"
EndProject
Project("{FAE04EC0-301F-11D3-BF4B-00C04F79EFBC}") = "ECommerce.Services.Identity.IntegrationTests", "tests\services\Identity\ECommerce.Services.Identity.IntegrationTests\ECommerce.Services.Identity.IntegrationTests.csproj", "{4E72A589-F830-4A77-B238-E8A161E864CB}"
EndProject
Project("{FAE04EC0-301F-11D3-BF4B-00C04F79EFBC}") = "ECommerce.Services.Identity.UnitTests", "tests\services\Identity\ECommerce.Services.Identity.UnitTests\ECommerce.Services.Identity.UnitTests.csproj", "{0ED00EB3-7B35-4EB8-A6D7-8C9794CD7390}"
EndProject
Project("{2150E333-8FDC-42A3-9474-1A3956D46DE8}") = "building-blocks", "building-blocks", "{FACF50A0-E9A6-4888-8295-45FF10E287B1}"
EndProject
Project("{2150E333-8FDC-42A3-9474-1A3956D46DE8}") = "MassTransit", "MassTransit", "{23204097-F83E-4FC3-98C5-316C07D5CC57}"
EndProject
Project("{2150E333-8FDC-42A3-9474-1A3956D46DE8}") = "Customers", "Customers", "{EE33219C-7696-48D8-B86C-BF3A2D6087B1}"
EndProject
Project("{FAE04EC0-301F-11D3-BF4B-00C04F79EFBC}") = "ECommerce.Services.Customers.EndToEndTests", "tests\services\Customers\ECommerce.Services.Customers.EndToEndTests\ECommerce.Services.Customers.EndToEndTests.csproj", "{3BAFCE4C-5326-4880-B680-5B7AC2F14B57}"
EndProject
Project("{FAE04EC0-301F-11D3-BF4B-00C04F79EFBC}") = "ECommerce.Services.Customers.UnitTests", "tests\services\Customers\ECommerce.Services.Customers.UnitTests\ECommerce.Services.Customers.UnitTests.csproj", "{39703963-5D46-4B9F-BDCD-7371934ED5EC}"
EndProject
Project("{FAE04EC0-301F-11D3-BF4B-00C04F79EFBC}") = "ECommerce.Services.Customers.IntegrationTests", "tests\services\Customers\ECommerce.Services.Customers.IntegrationTests\ECommerce.Services.Customers.IntegrationTests.csproj", "{364D684E-DF6D-4A8B-87D2-D2B7191E86B2}"
EndProject
Project("{FAE04EC0-301F-11D3-BF4B-00C04F79EFBC}") = "ECommerce.ApiGateway", "src\ApiGateway\ECommerce.ApiGateway\ECommerce.ApiGateway.csproj", "{77E45A0D-E20F-4779-9AB6-E9EC96D9C5E0}"
EndProject
Project("{FAE04EC0-301F-11D3-BF4B-00C04F79EFBC}") = "BuildingBlocks.Integration.MassTransit.IntegrationTests", "tests\BuildingBlocks\MassTransit\BuildingBlocks.Integration.MassTransit.IntegrationTests\BuildingBlocks.Integration.MassTransit.IntegrationTests.csproj", "{E796E951-7E05-4407-99CB-7EC54CDD46D8}"
EndProject
Project("{FAE04EC0-301F-11D3-BF4B-00C04F79EFBC}") = "BuildingBlocks.Core", "src\BuildingBlocks\BuildingBlocks.Core\BuildingBlocks.Core.csproj", "{E05DDBBC-BADE-4F9B-ADC4-10741E2DADA6}"
EndProject
Project("{FAE04EC0-301F-11D3-BF4B-00C04F79EFBC}") = "BuildingBlocks.Messaging.Persistence.Postgres", "src\BuildingBlocks\BuildingBlocks.Messaging.Persistence.Postgres\BuildingBlocks.Messaging.Persistence.Postgres.csproj", "{BF962BA1-50F3-4714-A932-8DA76066F0AD}"
EndProject

Global
	GlobalSection(SolutionConfigurationPlatforms) = preSolution
		Debug|Any CPU = Debug|Any CPU
		Release|Any CPU = Release|Any CPU
	EndGlobalSection
	GlobalSection(SolutionProperties) = preSolution
		HideSolutionNode = FALSE
	EndGlobalSection
	GlobalSection(NestedProjects) = preSolution
		{7EAF0B75-8327-4D45-92F8-8BE36BD0D147} = {9A277A93-3A5C-4E7E-A360-7ED4DD0E9DE1}
		{98F379CC-6634-4FB3-86E2-7079D1EA8F4C} = {9A277A93-3A5C-4E7E-A360-7ED4DD0E9DE1}
		{6CE91630-AA3E-4A7F-AA5D-6C3490C1D58E} = {9A277A93-3A5C-4E7E-A360-7ED4DD0E9DE1}
		{0EB7B65E-E6DA-4B97-B1C2-EFE514BA7656} = {9A277A93-3A5C-4E7E-A360-7ED4DD0E9DE1}
		{B3B8C461-226D-4EFA-905E-E1BDC4CAA678} = {4A09493C-0999-474F-AC85-71398BCD69F9}
		{99CDE343-6150-4E78-B395-FAD076E9603D} = {4A09493C-0999-474F-AC85-71398BCD69F9}
		{538D1306-49AF-43C0-8D06-72437B44BB65} = {4A09493C-0999-474F-AC85-71398BCD69F9}
		{3E4781A4-44AD-4298-B627-50C8F8BC478A} = {4A09493C-0999-474F-AC85-71398BCD69F9}
		{9A277A93-3A5C-4E7E-A360-7ED4DD0E9DE1} = {6AC5D76E-2A65-4EC9-AA72-A6BEDF50D0B5}
		{A4BF5D18-D56C-4751-98A8-6F9B8315B9C0} = {DE347392-CF8B-4DE6-AC18-E0C74674B40C}
		{FB247B5A-5299-4FFE-BE54-B7E1472D4A2E} = {6AC5D76E-2A65-4EC9-AA72-A6BEDF50D0B5}
		{9063E326-1CDF-4CA7-8D72-CA15AB532EEC} = {FB247B5A-5299-4FFE-BE54-B7E1472D4A2E}
		{9316AB5F-F445-4202-9FDC-3BE3BDA479FD} = {FB247B5A-5299-4FFE-BE54-B7E1472D4A2E}
		{143581A0-AA78-4FC4-91E2-8C2DA47E05DC} = {FB247B5A-5299-4FFE-BE54-B7E1472D4A2E}
		{47109643-B865-4293-BAA1-4B9E122BA76C} = {FB247B5A-5299-4FFE-BE54-B7E1472D4A2E}
		{383D3BF6-CEB4-4098-B57C-5EE2372FAE73} = {FB247B5A-5299-4FFE-BE54-B7E1472D4A2E}
		{7D916D69-F137-4B58-BDEB-06046BF7DF64} = {FB247B5A-5299-4FFE-BE54-B7E1472D4A2E}
		{E729743D-8ABA-4917-A040-E5007ED41687} = {FB247B5A-5299-4FFE-BE54-B7E1472D4A2E}
		{B1C134E5-E0D9-47A7-835E-EE7DE61FF2DB} = {FB247B5A-5299-4FFE-BE54-B7E1472D4A2E}
		{58B03C3F-F27E-4C59-81EF-CC8E90722CDF} = {FB247B5A-5299-4FFE-BE54-B7E1472D4A2E}
		{AD2E1F39-B6BB-4EBF-A996-6C89BFBEFBEB} = {FB247B5A-5299-4FFE-BE54-B7E1472D4A2E}
		{EA2CFA83-AE64-4F52-8CC1-F970ACE46AB2} = {FB247B5A-5299-4FFE-BE54-B7E1472D4A2E}
		{F5993A4C-8750-402F-BDC1-44C2AF425CFD} = {FB247B5A-5299-4FFE-BE54-B7E1472D4A2E}
		{C9838503-0AD9-42B2-9A54-D8235A93C209} = {FB247B5A-5299-4FFE-BE54-B7E1472D4A2E}
		{615DD03D-7AB3-4429-BE66-B111CAFB3A78} = {9A277A93-3A5C-4E7E-A360-7ED4DD0E9DE1}
		{140648AB-B3E2-4F9F-BAB3-963F03065285} = {DE347392-CF8B-4DE6-AC18-E0C74674B40C}
		{F6A9AA81-3A0E-477C-B35F-A2D5079E7EA9} = {140648AB-B3E2-4F9F-BAB3-963F03065285}
		{81288788-A347-41B0-8FA3-74B0D17414B2} = {A4BF5D18-D56C-4751-98A8-6F9B8315B9C0}
		{AB2206BF-7F17-46F3-83E1-19D22EA357F1} = {7EAF0B75-8327-4D45-92F8-8BE36BD0D147}
		{45BC8D17-77F1-44A4-92FF-0CE831E8B8FE} = {7EAF0B75-8327-4D45-92F8-8BE36BD0D147}
		{636C8EF5-277D-4D32-AB97-4BDCB66391BC} = {6CE91630-AA3E-4A7F-AA5D-6C3490C1D58E}
		{95DCC2B2-754F-4538-8C41-2065D53B000B} = {6CE91630-AA3E-4A7F-AA5D-6C3490C1D58E}
		{7A8E1F2E-88F9-4FF6-8BFA-75CBB96BF7ED} = {615DD03D-7AB3-4429-BE66-B111CAFB3A78}
		{22208F0C-3F11-45AE-A4D7-23163B385E7C} = {98F379CC-6634-4FB3-86E2-7079D1EA8F4C}
		{6634D4E3-AD98-44E0-8DFD-F9DF646DF7A3} = {98F379CC-6634-4FB3-86E2-7079D1EA8F4C}
		{EEF440F6-E11C-4A17-AFCF-B6D83DFA0BDC} = {0EB7B65E-E6DA-4B97-B1C2-EFE514BA7656}
		{585C8CF5-8CD7-496F-B83E-86A220949591} = {0EB7B65E-E6DA-4B97-B1C2-EFE514BA7656}
		{B9EFF5EA-4AD3-477D-8932-A9D114EEA824} = {6AC5D76E-2A65-4EC9-AA72-A6BEDF50D0B5}
		{31ECE7F8-1DA9-46CA-A103-2CD9B0B940DB} = {81288788-A347-41B0-8FA3-74B0D17414B2}
		{4E72A589-F830-4A77-B238-E8A161E864CB} = {81288788-A347-41B0-8FA3-74B0D17414B2}
		{0ED00EB3-7B35-4EB8-A6D7-8C9794CD7390} = {81288788-A347-41B0-8FA3-74B0D17414B2}
		{FACF50A0-E9A6-4888-8295-45FF10E287B1} = {DE347392-CF8B-4DE6-AC18-E0C74674B40C}
		{23204097-F83E-4FC3-98C5-316C07D5CC57} = {FACF50A0-E9A6-4888-8295-45FF10E287B1}
		{EE33219C-7696-48D8-B86C-BF3A2D6087B1} = {A4BF5D18-D56C-4751-98A8-6F9B8315B9C0}
		{3BAFCE4C-5326-4880-B680-5B7AC2F14B57} = {EE33219C-7696-48D8-B86C-BF3A2D6087B1}
		{39703963-5D46-4B9F-BDCD-7371934ED5EC} = {EE33219C-7696-48D8-B86C-BF3A2D6087B1}
		{364D684E-DF6D-4A8B-87D2-D2B7191E86B2} = {EE33219C-7696-48D8-B86C-BF3A2D6087B1}
		{77E45A0D-E20F-4779-9AB6-E9EC96D9C5E0} = {B9EFF5EA-4AD3-477D-8932-A9D114EEA824}
		{E796E951-7E05-4407-99CB-7EC54CDD46D8} = {23204097-F83E-4FC3-98C5-316C07D5CC57}
		{E05DDBBC-BADE-4F9B-ADC4-10741E2DADA6} = {FB247B5A-5299-4FFE-BE54-B7E1472D4A2E}
		{BF962BA1-50F3-4714-A932-8DA76066F0AD} = {FB247B5A-5299-4FFE-BE54-B7E1472D4A2E}
	EndGlobalSection
	GlobalSection(ProjectConfigurationPlatforms) = postSolution
		{9063E326-1CDF-4CA7-8D72-CA15AB532EEC}.Debug|Any CPU.ActiveCfg = Debug|Any CPU
		{9063E326-1CDF-4CA7-8D72-CA15AB532EEC}.Debug|Any CPU.Build.0 = Debug|Any CPU
		{9063E326-1CDF-4CA7-8D72-CA15AB532EEC}.Release|Any CPU.ActiveCfg = Release|Any CPU
		{9063E326-1CDF-4CA7-8D72-CA15AB532EEC}.Release|Any CPU.Build.0 = Release|Any CPU
		{9316AB5F-F445-4202-9FDC-3BE3BDA479FD}.Debug|Any CPU.ActiveCfg = Debug|Any CPU
		{9316AB5F-F445-4202-9FDC-3BE3BDA479FD}.Debug|Any CPU.Build.0 = Debug|Any CPU
		{9316AB5F-F445-4202-9FDC-3BE3BDA479FD}.Release|Any CPU.ActiveCfg = Release|Any CPU
		{9316AB5F-F445-4202-9FDC-3BE3BDA479FD}.Release|Any CPU.Build.0 = Release|Any CPU
		{143581A0-AA78-4FC4-91E2-8C2DA47E05DC}.Debug|Any CPU.ActiveCfg = Debug|Any CPU
		{143581A0-AA78-4FC4-91E2-8C2DA47E05DC}.Debug|Any CPU.Build.0 = Debug|Any CPU
		{143581A0-AA78-4FC4-91E2-8C2DA47E05DC}.Release|Any CPU.ActiveCfg = Release|Any CPU
		{143581A0-AA78-4FC4-91E2-8C2DA47E05DC}.Release|Any CPU.Build.0 = Release|Any CPU
		{47109643-B865-4293-BAA1-4B9E122BA76C}.Debug|Any CPU.ActiveCfg = Debug|Any CPU
		{47109643-B865-4293-BAA1-4B9E122BA76C}.Debug|Any CPU.Build.0 = Debug|Any CPU
		{47109643-B865-4293-BAA1-4B9E122BA76C}.Release|Any CPU.ActiveCfg = Release|Any CPU
		{47109643-B865-4293-BAA1-4B9E122BA76C}.Release|Any CPU.Build.0 = Release|Any CPU
		{383D3BF6-CEB4-4098-B57C-5EE2372FAE73}.Debug|Any CPU.ActiveCfg = Debug|Any CPU
		{383D3BF6-CEB4-4098-B57C-5EE2372FAE73}.Debug|Any CPU.Build.0 = Debug|Any CPU
		{383D3BF6-CEB4-4098-B57C-5EE2372FAE73}.Release|Any CPU.ActiveCfg = Release|Any CPU
		{383D3BF6-CEB4-4098-B57C-5EE2372FAE73}.Release|Any CPU.Build.0 = Release|Any CPU
		{7D916D69-F137-4B58-BDEB-06046BF7DF64}.Debug|Any CPU.ActiveCfg = Debug|Any CPU
		{7D916D69-F137-4B58-BDEB-06046BF7DF64}.Debug|Any CPU.Build.0 = Debug|Any CPU
		{7D916D69-F137-4B58-BDEB-06046BF7DF64}.Release|Any CPU.ActiveCfg = Release|Any CPU
		{7D916D69-F137-4B58-BDEB-06046BF7DF64}.Release|Any CPU.Build.0 = Release|Any CPU
		{E729743D-8ABA-4917-A040-E5007ED41687}.Debug|Any CPU.ActiveCfg = Debug|Any CPU
		{E729743D-8ABA-4917-A040-E5007ED41687}.Debug|Any CPU.Build.0 = Debug|Any CPU
		{E729743D-8ABA-4917-A040-E5007ED41687}.Release|Any CPU.ActiveCfg = Release|Any CPU
		{E729743D-8ABA-4917-A040-E5007ED41687}.Release|Any CPU.Build.0 = Release|Any CPU
		{B1C134E5-E0D9-47A7-835E-EE7DE61FF2DB}.Debug|Any CPU.ActiveCfg = Debug|Any CPU
		{B1C134E5-E0D9-47A7-835E-EE7DE61FF2DB}.Debug|Any CPU.Build.0 = Debug|Any CPU
		{B1C134E5-E0D9-47A7-835E-EE7DE61FF2DB}.Release|Any CPU.ActiveCfg = Release|Any CPU
		{B1C134E5-E0D9-47A7-835E-EE7DE61FF2DB}.Release|Any CPU.Build.0 = Release|Any CPU
		{58B03C3F-F27E-4C59-81EF-CC8E90722CDF}.Debug|Any CPU.ActiveCfg = Debug|Any CPU
		{58B03C3F-F27E-4C59-81EF-CC8E90722CDF}.Debug|Any CPU.Build.0 = Debug|Any CPU
		{58B03C3F-F27E-4C59-81EF-CC8E90722CDF}.Release|Any CPU.ActiveCfg = Release|Any CPU
		{58B03C3F-F27E-4C59-81EF-CC8E90722CDF}.Release|Any CPU.Build.0 = Release|Any CPU
		{AD2E1F39-B6BB-4EBF-A996-6C89BFBEFBEB}.Debug|Any CPU.ActiveCfg = Debug|Any CPU
		{AD2E1F39-B6BB-4EBF-A996-6C89BFBEFBEB}.Debug|Any CPU.Build.0 = Debug|Any CPU
		{AD2E1F39-B6BB-4EBF-A996-6C89BFBEFBEB}.Release|Any CPU.ActiveCfg = Release|Any CPU
		{AD2E1F39-B6BB-4EBF-A996-6C89BFBEFBEB}.Release|Any CPU.Build.0 = Release|Any CPU
		{EA2CFA83-AE64-4F52-8CC1-F970ACE46AB2}.Debug|Any CPU.ActiveCfg = Debug|Any CPU
		{EA2CFA83-AE64-4F52-8CC1-F970ACE46AB2}.Debug|Any CPU.Build.0 = Debug|Any CPU
		{EA2CFA83-AE64-4F52-8CC1-F970ACE46AB2}.Release|Any CPU.ActiveCfg = Release|Any CPU
		{EA2CFA83-AE64-4F52-8CC1-F970ACE46AB2}.Release|Any CPU.Build.0 = Release|Any CPU
		{F5993A4C-8750-402F-BDC1-44C2AF425CFD}.Debug|Any CPU.ActiveCfg = Debug|Any CPU
		{F5993A4C-8750-402F-BDC1-44C2AF425CFD}.Debug|Any CPU.Build.0 = Debug|Any CPU
		{F5993A4C-8750-402F-BDC1-44C2AF425CFD}.Release|Any CPU.ActiveCfg = Release|Any CPU
		{F5993A4C-8750-402F-BDC1-44C2AF425CFD}.Release|Any CPU.Build.0 = Release|Any CPU
		{C9838503-0AD9-42B2-9A54-D8235A93C209}.Debug|Any CPU.ActiveCfg = Debug|Any CPU
		{C9838503-0AD9-42B2-9A54-D8235A93C209}.Debug|Any CPU.Build.0 = Debug|Any CPU
		{C9838503-0AD9-42B2-9A54-D8235A93C209}.Release|Any CPU.ActiveCfg = Release|Any CPU
		{C9838503-0AD9-42B2-9A54-D8235A93C209}.Release|Any CPU.Build.0 = Release|Any CPU
		{F6A9AA81-3A0E-477C-B35F-A2D5079E7EA9}.Debug|Any CPU.ActiveCfg = Debug|Any CPU
		{F6A9AA81-3A0E-477C-B35F-A2D5079E7EA9}.Debug|Any CPU.Build.0 = Debug|Any CPU
		{F6A9AA81-3A0E-477C-B35F-A2D5079E7EA9}.Release|Any CPU.ActiveCfg = Release|Any CPU
		{F6A9AA81-3A0E-477C-B35F-A2D5079E7EA9}.Release|Any CPU.Build.0 = Release|Any CPU
		{AB2206BF-7F17-46F3-83E1-19D22EA357F1}.Debug|Any CPU.ActiveCfg = Debug|Any CPU
		{AB2206BF-7F17-46F3-83E1-19D22EA357F1}.Debug|Any CPU.Build.0 = Debug|Any CPU
		{AB2206BF-7F17-46F3-83E1-19D22EA357F1}.Release|Any CPU.ActiveCfg = Release|Any CPU
		{AB2206BF-7F17-46F3-83E1-19D22EA357F1}.Release|Any CPU.Build.0 = Release|Any CPU
		{45BC8D17-77F1-44A4-92FF-0CE831E8B8FE}.Debug|Any CPU.ActiveCfg = Debug|Any CPU
		{45BC8D17-77F1-44A4-92FF-0CE831E8B8FE}.Debug|Any CPU.Build.0 = Debug|Any CPU
		{45BC8D17-77F1-44A4-92FF-0CE831E8B8FE}.Release|Any CPU.ActiveCfg = Release|Any CPU
		{45BC8D17-77F1-44A4-92FF-0CE831E8B8FE}.Release|Any CPU.Build.0 = Release|Any CPU
		{636C8EF5-277D-4D32-AB97-4BDCB66391BC}.Debug|Any CPU.ActiveCfg = Debug|Any CPU
		{636C8EF5-277D-4D32-AB97-4BDCB66391BC}.Debug|Any CPU.Build.0 = Debug|Any CPU
		{636C8EF5-277D-4D32-AB97-4BDCB66391BC}.Release|Any CPU.ActiveCfg = Release|Any CPU
		{636C8EF5-277D-4D32-AB97-4BDCB66391BC}.Release|Any CPU.Build.0 = Release|Any CPU
		{95DCC2B2-754F-4538-8C41-2065D53B000B}.Debug|Any CPU.ActiveCfg = Debug|Any CPU
		{95DCC2B2-754F-4538-8C41-2065D53B000B}.Debug|Any CPU.Build.0 = Debug|Any CPU
		{95DCC2B2-754F-4538-8C41-2065D53B000B}.Release|Any CPU.ActiveCfg = Release|Any CPU
		{95DCC2B2-754F-4538-8C41-2065D53B000B}.Release|Any CPU.Build.0 = Release|Any CPU
		{7A8E1F2E-88F9-4FF6-8BFA-75CBB96BF7ED}.Debug|Any CPU.ActiveCfg = Debug|Any CPU
		{7A8E1F2E-88F9-4FF6-8BFA-75CBB96BF7ED}.Debug|Any CPU.Build.0 = Debug|Any CPU
		{7A8E1F2E-88F9-4FF6-8BFA-75CBB96BF7ED}.Release|Any CPU.ActiveCfg = Release|Any CPU
		{7A8E1F2E-88F9-4FF6-8BFA-75CBB96BF7ED}.Release|Any CPU.Build.0 = Release|Any CPU
		{22208F0C-3F11-45AE-A4D7-23163B385E7C}.Debug|Any CPU.ActiveCfg = Debug|Any CPU
		{22208F0C-3F11-45AE-A4D7-23163B385E7C}.Debug|Any CPU.Build.0 = Debug|Any CPU
		{22208F0C-3F11-45AE-A4D7-23163B385E7C}.Release|Any CPU.ActiveCfg = Release|Any CPU
		{22208F0C-3F11-45AE-A4D7-23163B385E7C}.Release|Any CPU.Build.0 = Release|Any CPU
		{6634D4E3-AD98-44E0-8DFD-F9DF646DF7A3}.Debug|Any CPU.ActiveCfg = Debug|Any CPU
		{6634D4E3-AD98-44E0-8DFD-F9DF646DF7A3}.Debug|Any CPU.Build.0 = Debug|Any CPU
		{6634D4E3-AD98-44E0-8DFD-F9DF646DF7A3}.Release|Any CPU.ActiveCfg = Release|Any CPU
		{6634D4E3-AD98-44E0-8DFD-F9DF646DF7A3}.Release|Any CPU.Build.0 = Release|Any CPU
		{EEF440F6-E11C-4A17-AFCF-B6D83DFA0BDC}.Debug|Any CPU.ActiveCfg = Debug|Any CPU
		{EEF440F6-E11C-4A17-AFCF-B6D83DFA0BDC}.Debug|Any CPU.Build.0 = Debug|Any CPU
		{EEF440F6-E11C-4A17-AFCF-B6D83DFA0BDC}.Release|Any CPU.ActiveCfg = Release|Any CPU
		{EEF440F6-E11C-4A17-AFCF-B6D83DFA0BDC}.Release|Any CPU.Build.0 = Release|Any CPU
		{585C8CF5-8CD7-496F-B83E-86A220949591}.Debug|Any CPU.ActiveCfg = Debug|Any CPU
		{585C8CF5-8CD7-496F-B83E-86A220949591}.Debug|Any CPU.Build.0 = Debug|Any CPU
		{585C8CF5-8CD7-496F-B83E-86A220949591}.Release|Any CPU.ActiveCfg = Release|Any CPU
		{585C8CF5-8CD7-496F-B83E-86A220949591}.Release|Any CPU.Build.0 = Release|Any CPU
		{31ECE7F8-1DA9-46CA-A103-2CD9B0B940DB}.Debug|Any CPU.ActiveCfg = Debug|Any CPU
		{31ECE7F8-1DA9-46CA-A103-2CD9B0B940DB}.Debug|Any CPU.Build.0 = Debug|Any CPU
		{31ECE7F8-1DA9-46CA-A103-2CD9B0B940DB}.Release|Any CPU.ActiveCfg = Release|Any CPU
		{31ECE7F8-1DA9-46CA-A103-2CD9B0B940DB}.Release|Any CPU.Build.0 = Release|Any CPU
		{4E72A589-F830-4A77-B238-E8A161E864CB}.Debug|Any CPU.ActiveCfg = Debug|Any CPU
		{4E72A589-F830-4A77-B238-E8A161E864CB}.Debug|Any CPU.Build.0 = Debug|Any CPU
		{4E72A589-F830-4A77-B238-E8A161E864CB}.Release|Any CPU.ActiveCfg = Release|Any CPU
		{4E72A589-F830-4A77-B238-E8A161E864CB}.Release|Any CPU.Build.0 = Release|Any CPU
		{0ED00EB3-7B35-4EB8-A6D7-8C9794CD7390}.Debug|Any CPU.ActiveCfg = Debug|Any CPU
		{0ED00EB3-7B35-4EB8-A6D7-8C9794CD7390}.Debug|Any CPU.Build.0 = Debug|Any CPU
		{0ED00EB3-7B35-4EB8-A6D7-8C9794CD7390}.Release|Any CPU.ActiveCfg = Release|Any CPU
		{0ED00EB3-7B35-4EB8-A6D7-8C9794CD7390}.Release|Any CPU.Build.0 = Release|Any CPU
		{3BAFCE4C-5326-4880-B680-5B7AC2F14B57}.Debug|Any CPU.ActiveCfg = Debug|Any CPU
		{3BAFCE4C-5326-4880-B680-5B7AC2F14B57}.Debug|Any CPU.Build.0 = Debug|Any CPU
		{3BAFCE4C-5326-4880-B680-5B7AC2F14B57}.Release|Any CPU.ActiveCfg = Release|Any CPU
		{3BAFCE4C-5326-4880-B680-5B7AC2F14B57}.Release|Any CPU.Build.0 = Release|Any CPU
		{39703963-5D46-4B9F-BDCD-7371934ED5EC}.Debug|Any CPU.ActiveCfg = Debug|Any CPU
		{39703963-5D46-4B9F-BDCD-7371934ED5EC}.Debug|Any CPU.Build.0 = Debug|Any CPU
		{39703963-5D46-4B9F-BDCD-7371934ED5EC}.Release|Any CPU.ActiveCfg = Release|Any CPU
		{39703963-5D46-4B9F-BDCD-7371934ED5EC}.Release|Any CPU.Build.0 = Release|Any CPU
		{364D684E-DF6D-4A8B-87D2-D2B7191E86B2}.Debug|Any CPU.ActiveCfg = Debug|Any CPU
		{364D684E-DF6D-4A8B-87D2-D2B7191E86B2}.Debug|Any CPU.Build.0 = Debug|Any CPU
		{364D684E-DF6D-4A8B-87D2-D2B7191E86B2}.Release|Any CPU.ActiveCfg = Release|Any CPU
		{364D684E-DF6D-4A8B-87D2-D2B7191E86B2}.Release|Any CPU.Build.0 = Release|Any CPU
		{77E45A0D-E20F-4779-9AB6-E9EC96D9C5E0}.Debug|Any CPU.ActiveCfg = Debug|Any CPU
		{77E45A0D-E20F-4779-9AB6-E9EC96D9C5E0}.Debug|Any CPU.Build.0 = Debug|Any CPU
		{77E45A0D-E20F-4779-9AB6-E9EC96D9C5E0}.Release|Any CPU.ActiveCfg = Release|Any CPU
		{77E45A0D-E20F-4779-9AB6-E9EC96D9C5E0}.Release|Any CPU.Build.0 = Release|Any CPU
		{E796E951-7E05-4407-99CB-7EC54CDD46D8}.Debug|Any CPU.ActiveCfg = Debug|Any CPU
		{E796E951-7E05-4407-99CB-7EC54CDD46D8}.Debug|Any CPU.Build.0 = Debug|Any CPU
		{E796E951-7E05-4407-99CB-7EC54CDD46D8}.Release|Any CPU.ActiveCfg = Release|Any CPU
		{E796E951-7E05-4407-99CB-7EC54CDD46D8}.Release|Any CPU.Build.0 = Release|Any CPU
		{E05DDBBC-BADE-4F9B-ADC4-10741E2DADA6}.Debug|Any CPU.ActiveCfg = Debug|Any CPU
		{E05DDBBC-BADE-4F9B-ADC4-10741E2DADA6}.Debug|Any CPU.Build.0 = Debug|Any CPU
		{E05DDBBC-BADE-4F9B-ADC4-10741E2DADA6}.Release|Any CPU.ActiveCfg = Release|Any CPU
		{E05DDBBC-BADE-4F9B-ADC4-10741E2DADA6}.Release|Any CPU.Build.0 = Release|Any CPU
		{BF962BA1-50F3-4714-A932-8DA76066F0AD}.Debug|Any CPU.ActiveCfg = Debug|Any CPU
		{BF962BA1-50F3-4714-A932-8DA76066F0AD}.Debug|Any CPU.Build.0 = Debug|Any CPU
		{BF962BA1-50F3-4714-A932-8DA76066F0AD}.Release|Any CPU.ActiveCfg = Release|Any CPU
		{BF962BA1-50F3-4714-A932-8DA76066F0AD}.Release|Any CPU.Build.0 = Release|Any CPU
	EndGlobalSection
EndGlobal
