Microsoft Visual Studio Solution File, Format Version 12.00
# Visual Studio Version 17
VisualStudioVersion = 17.5.2.0
MinimumVisualStudioVersion = 10.0.40219.1
Project("{FAE04EC0-301F-11D3-BF4B-00C04F79EFBC}") = "BuildingBlocks.Abstractions", "BuildingBlocks.Abstractions.csproj", "{A25BE4E4-D540-DFDC-FDE6-3A47A1B17765}"
EndProject
Global
	GlobalSection(SolutionConfigurationPlatforms) = preSolution
		Debug|Any CPU = Debug|Any CPU
		Release|Any CPU = Release|Any CPU
	EndGlobalSection
	GlobalSection(ProjectConfigurationPlatforms) = postSolution
		{A25BE4E4-D540-DFDC-FDE6-3A47A1B17765}.Debug|Any CPU.ActiveCfg = Debug|Any CPU
		{A25BE4E4-D540-DFDC-FDE6-3A47A1B17765}.Debug|Any CPU.Build.0 = Debug|Any CPU
		{A25BE4E4-D540-DFDC-FDE6-3A47A1B17765}.Release|Any CPU.ActiveCfg = Release|Any CPU
		{A25BE4E4-D540-DFDC-FDE6-3A47A1B17765}.Release|Any CPU.Build.0 = Release|Any CPU
	EndGlobalSection
	GlobalSection(SolutionProperties) = preSolution
		HideSolutionNode = FALSE
	EndGlobalSection
	GlobalSection(ExtensibilityGlobals) = postSolution
		SolutionGuid = {A64F9610-8AE2-4197-9DEE-FFEE20E9495A}
	EndGlobalSection
EndGlobal
